
Microsoft Visual Studio Solution File, Format Version 12.00
# Visual Studio Version 16
VisualStudioVersion = 16.0.29709.97
MinimumVisualStudioVersion = 10.0.40219.1
Project("{FAE04EC0-301F-11D3-BF4B-00C04F79EFBC}") = "Mili_Km", "Mili_Km\Mili_Km.csproj", "{BDADC235-0E27-486A-B50B-D97370499122}"
EndProject
Global
	GlobalSection(SolutionConfigurationPlatforms) = preSolution
		Debug|Any CPU = Debug|Any CPU
		Release|Any CPU = Release|Any CPU
	EndGlobalSection
	GlobalSection(ProjectConfigurationPlatforms) = postSolution
		{BDADC235-0E27-486A-B50B-D97370499122}.Debug|Any CPU.ActiveCfg = Debug|Any CPU
		{BDADC235-0E27-486A-B50B-D97370499122}.Debug|Any CPU.Build.0 = Debug|Any CPU
		{BDADC235-0E27-486A-B50B-D97370499122}.Release|Any CPU.ActiveCfg = Release|Any CPU
		{BDADC235-0E27-486A-B50B-D97370499122}.Release|Any CPU.Build.0 = Release|Any CPU
	EndGlobalSection
	GlobalSection(SolutionProperties) = preSolution
		HideSolutionNode = FALSE
	EndGlobalSection
	GlobalSection(ExtensibilityGlobals) = postSolution
		SolutionGuid = {7AF640BB-D479-4962-B3A7-B14F3E7AC7F8}
	EndGlobalSection
EndGlobal
